
Microsoft Visual Studio Solution File, Format Version 12.00
# Visual Studio Version 17
VisualStudioVersion = 17.3.32819.101
MinimumVisualStudioVersion = 10.0.40219.1
Project("{FAE04EC0-301F-11D3-BF4B-00C04F79EFBC}") = "Substring", "Substring\Substring.csproj", "{7824A645-DEC6-43C5-BB3B-C9DFB335BB5D}"
EndProject
Global
	GlobalSection(SolutionConfigurationPlatforms) = preSolution
		Debug|Any CPU = Debug|Any CPU
		Release|Any CPU = Release|Any CPU
	EndGlobalSection
	GlobalSection(ProjectConfigurationPlatforms) = postSolution
		{7824A645-DEC6-43C5-BB3B-C9DFB335BB5D}.Debug|Any CPU.ActiveCfg = Debug|Any CPU
		{7824A645-DEC6-43C5-BB3B-C9DFB335BB5D}.Debug|Any CPU.Build.0 = Debug|Any CPU
		{7824A645-DEC6-43C5-BB3B-C9DFB335BB5D}.Release|Any CPU.ActiveCfg = Release|Any CPU
		{7824A645-DEC6-43C5-BB3B-C9DFB335BB5D}.Release|Any CPU.Build.0 = Release|Any CPU
	EndGlobalSection
	GlobalSection(SolutionProperties) = preSolution
		HideSolutionNode = FALSE
	EndGlobalSection
	GlobalSection(ExtensibilityGlobals) = postSolution
		SolutionGuid = {3444EA2B-86A1-4916-8A14-BA84B54646F5}
	EndGlobalSection
EndGlobal
