
Microsoft Visual Studio Solution File, Format Version 12.00
# Visual Studio Version 17
VisualStudioVersion = 17.3.32819.101
MinimumVisualStudioVersion = 10.0.40219.1
Project("{FAE04EC0-301F-11D3-BF4B-00C04F79EFBC}") = "Date Format", "Date Format\Date Format.csproj", "{26C60A29-F6CA-415D-9D27-E87B75AE7678}"
EndProject
Global
	GlobalSection(SolutionConfigurationPlatforms) = preSolution
		Debug|Any CPU = Debug|Any CPU
		Release|Any CPU = Release|Any CPU
	EndGlobalSection
	GlobalSection(ProjectConfigurationPlatforms) = postSolution
		{26C60A29-F6CA-415D-9D27-E87B75AE7678}.Debug|Any CPU.ActiveCfg = Debug|Any CPU
		{26C60A29-F6CA-415D-9D27-E87B75AE7678}.Debug|Any CPU.Build.0 = Debug|Any CPU
		{26C60A29-F6CA-415D-9D27-E87B75AE7678}.Release|Any CPU.ActiveCfg = Release|Any CPU
		{26C60A29-F6CA-415D-9D27-E87B75AE7678}.Release|Any CPU.Build.0 = Release|Any CPU
	EndGlobalSection
	GlobalSection(SolutionProperties) = preSolution
		HideSolutionNode = FALSE
	EndGlobalSection
	GlobalSection(ExtensibilityGlobals) = postSolution
		SolutionGuid = {805F6274-FD1C-4C05-A5AC-9A7E14DC513F}
	EndGlobalSection
EndGlobal
