
Microsoft Visual Studio Solution File, Format Version 12.00
# Visual Studio Version 17
VisualStudioVersion = 17.3.32819.101
MinimumVisualStudioVersion = 10.0.40219.1
Project("{FAE04EC0-301F-11D3-BF4B-00C04F79EFBC}") = "Joined", "Joined\Joined.csproj", "{DF462EA8-6993-4EA5-A6B1-40E9D07A4166}"
EndProject
Global
	GlobalSection(SolutionConfigurationPlatforms) = preSolution
		Debug|Any CPU = Debug|Any CPU
		Release|Any CPU = Release|Any CPU
	EndGlobalSection
	GlobalSection(ProjectConfigurationPlatforms) = postSolution
		{DF462EA8-6993-4EA5-A6B1-40E9D07A4166}.Debug|Any CPU.ActiveCfg = Debug|Any CPU
		{DF462EA8-6993-4EA5-A6B1-40E9D07A4166}.Debug|Any CPU.Build.0 = Debug|Any CPU
		{DF462EA8-6993-4EA5-A6B1-40E9D07A4166}.Release|Any CPU.ActiveCfg = Release|Any CPU
		{DF462EA8-6993-4EA5-A6B1-40E9D07A4166}.Release|Any CPU.Build.0 = Release|Any CPU
	EndGlobalSection
	GlobalSection(SolutionProperties) = preSolution
		HideSolutionNode = FALSE
	EndGlobalSection
	GlobalSection(ExtensibilityGlobals) = postSolution
		SolutionGuid = {C9D8ADB1-B78E-4966-8421-88E9662F98AF}
	EndGlobalSection
EndGlobal
