
Microsoft Visual Studio Solution File, Format Version 12.00
# Visual Studio Version 17
VisualStudioVersion = 17.3.32819.101
MinimumVisualStudioVersion = 10.0.40219.1
Project("{FAE04EC0-301F-11D3-BF4B-00C04F79EFBC}") = "For Each", "For Each\For Each.csproj", "{C90C978F-90C2-45F0-8144-164DF195058D}"
EndProject
Global
	GlobalSection(SolutionConfigurationPlatforms) = preSolution
		Debug|Any CPU = Debug|Any CPU
		Release|Any CPU = Release|Any CPU
	EndGlobalSection
	GlobalSection(ProjectConfigurationPlatforms) = postSolution
		{C90C978F-90C2-45F0-8144-164DF195058D}.Debug|Any CPU.ActiveCfg = Debug|Any CPU
		{C90C978F-90C2-45F0-8144-164DF195058D}.Debug|Any CPU.Build.0 = Debug|Any CPU
		{C90C978F-90C2-45F0-8144-164DF195058D}.Release|Any CPU.ActiveCfg = Release|Any CPU
		{C90C978F-90C2-45F0-8144-164DF195058D}.Release|Any CPU.Build.0 = Release|Any CPU
	EndGlobalSection
	GlobalSection(SolutionProperties) = preSolution
		HideSolutionNode = FALSE
	EndGlobalSection
	GlobalSection(ExtensibilityGlobals) = postSolution
		SolutionGuid = {1F2FDF07-B0DB-4AEE-99BC-694B6CF04FEE}
	EndGlobalSection
EndGlobal
