
Microsoft Visual Studio Solution File, Format Version 12.00
# Visual Studio Version 17
VisualStudioVersion = 17.3.32819.101
MinimumVisualStudioVersion = 10.0.40219.1
Project("{FAE04EC0-301F-11D3-BF4B-00C04F79EFBC}") = "While Loop", "While Loop\While Loop.csproj", "{E6B3D33D-9580-49C7-875D-9EA2051BE242}"
EndProject
Global
	GlobalSection(SolutionConfigurationPlatforms) = preSolution
		Debug|Any CPU = Debug|Any CPU
		Release|Any CPU = Release|Any CPU
	EndGlobalSection
	GlobalSection(ProjectConfigurationPlatforms) = postSolution
		{E6B3D33D-9580-49C7-875D-9EA2051BE242}.Debug|Any CPU.ActiveCfg = Debug|Any CPU
		{E6B3D33D-9580-49C7-875D-9EA2051BE242}.Debug|Any CPU.Build.0 = Debug|Any CPU
		{E6B3D33D-9580-49C7-875D-9EA2051BE242}.Release|Any CPU.ActiveCfg = Release|Any CPU
		{E6B3D33D-9580-49C7-875D-9EA2051BE242}.Release|Any CPU.Build.0 = Release|Any CPU
	EndGlobalSection
	GlobalSection(SolutionProperties) = preSolution
		HideSolutionNode = FALSE
	EndGlobalSection
	GlobalSection(ExtensibilityGlobals) = postSolution
		SolutionGuid = {94573269-486B-4F72-93EA-99922EBC514E}
	EndGlobalSection
EndGlobal
